
Microsoft Visual Studio Solution File, Format Version 12.00
# Visual Studio Version 16
VisualStudioVersion = 16.0.31424.327
MinimumVisualStudioVersion = 10.0.40219.1
Project("{FAE04EC0-301F-11D3-BF4B-00C04F79EFBC}") = "KontrolerSamolotu", "KontrolerSamolotu\KontrolerSamolotu.csproj", "{C419BDB0-B928-443E-9AFE-3C62B3C72B97}"
EndProject
Global
	GlobalSection(SolutionConfigurationPlatforms) = preSolution
		Debug|Any CPU = Debug|Any CPU
		Release|Any CPU = Release|Any CPU
	EndGlobalSection
	GlobalSection(ProjectConfigurationPlatforms) = postSolution
		{C419BDB0-B928-443E-9AFE-3C62B3C72B97}.Debug|Any CPU.ActiveCfg = Debug|Any CPU
		{C419BDB0-B928-443E-9AFE-3C62B3C72B97}.Debug|Any CPU.Build.0 = Debug|Any CPU
		{C419BDB0-B928-443E-9AFE-3C62B3C72B97}.Release|Any CPU.ActiveCfg = Release|Any CPU
		{C419BDB0-B928-443E-9AFE-3C62B3C72B97}.Release|Any CPU.Build.0 = Release|Any CPU
	EndGlobalSection
	GlobalSection(SolutionProperties) = preSolution
		HideSolutionNode = FALSE
	EndGlobalSection
	GlobalSection(ExtensibilityGlobals) = postSolution
		SolutionGuid = {8252C19E-C656-40A1-AD2E-9E22968AC5FD}
	EndGlobalSection
EndGlobal
